
Microsoft Visual Studio Solution File, Format Version 12.00
# Visual Studio Version 17
VisualStudioVersion = 17.11.35312.102
MinimumVisualStudioVersion = 10.0.40219.1
Project("{9A19103F-16F7-4668-BE54-9A1E7A4F7556}") = "ePortfolio.API", "src\Presentation\ePortfolio.API\ePortfolio.API.csproj", "{8C62B52C-F39C-4356-B489-96E59877103C}"
EndProject
Project("{2150E333-8FDC-42A3-9474-1A3956D46DE8}") = "Presentation", "Presentation", "{A7790751-C74B-476A-82F5-57948503545C}"
EndProject
Project("{2150E333-8FDC-42A3-9474-1A3956D46DE8}") = "src", "src", "{1B4EFA69-4D00-41D2-8FFF-34D9338A4211}"
EndProject
Project("{9A19103F-16F7-4668-BE54-9A1E7A4F7556}") = "Identity.API", "src\Presentation\Identity.API\Identity.API.csproj", "{1CCFEC09-826A-4B57-BD4D-D524075283AA}"
EndProject
Project("{E53339B2-1760-4266-BCC7-CA923CBCF16C}") = "docker-compose", "docker-compose.dcproj", "{34C725D2-8567-400B-B56F-1489D0EDBDB4}"
EndProject
Project("{9A19103F-16F7-4668-BE54-9A1E7A4F7556}") = "MinIOStorage", "src\Adapters\MinIO\MinIOStorage.csproj", "{818277BD-AC7E-4950-AD5D-EC28BDF9AC19}"
EndProject
Project("{2150E333-8FDC-42A3-9474-1A3956D46DE8}") = "Adapters", "Adapters", "{17217625-00B9-4C6B-B2CE-A50CC02727DF}"
EndProject
Project("{9A19103F-16F7-4668-BE54-9A1E7A4F7556}") = "Redis", "src\Adapters\Redis\Redis.csproj", "{E66A5032-E7C3-4977-95D2-23B96B323907}"
EndProject
Project("{9A19103F-16F7-4668-BE54-9A1E7A4F7556}") = "ePortfolio.Domain", "src\Core\ePortfolio.Domain\ePortfolio.Domain.csproj", "{2C73CE8C-9748-45F1-AE8F-F2F0A4D80BDB}"
EndProject
Project("{2150E333-8FDC-42A3-9474-1A3956D46DE8}") = "Core", "Core", "{E19ED128-5EC6-4BCD-82AF-FC9461E91DB1}"
EndProject
Project("{9A19103F-16F7-4668-BE54-9A1E7A4F7556}") = "ePortfolio.Application", "src\Core\ePortfolio.Application\ePortfolio.Application.csproj", "{89B9A74A-DABE-4D21-B3BB-1DF4432307A6}"
EndProject
Project("{9A19103F-16F7-4668-BE54-9A1E7A4F7556}") = "ePortfolio.Infrastructure", "src\Core\ePortfolio.Infrastructure\ePortfolio.Infrastructure.csproj", "{B754993C-7DA2-4BFC-8C96-7B591A14543B}"
EndProject
Project("{9A19103F-16F7-4668-BE54-9A1E7A4F7556}") = "PostgreDataAccess", "src\Adapters\PostgreDataAccess\PostgreDataAccess.csproj", "{684F6164-83EB-4FFA-B7D3-C3DA2371CEB4}"
EndProject
Project("{9A19103F-16F7-4668-BE54-9A1E7A4F7556}") = "ePortfolioContainers.UnitTests", "test\ePortfolioContainers.UnitTests\ePortfolioContainers.UnitTests.csproj", "{FB330A45-7923-4337-A552-0902932DF0BB}"
EndProject
Project("{2150E333-8FDC-42A3-9474-1A3956D46DE8}") = "test", "test", "{57784215-AFC7-4573-B3D8-5E6AAA57C2A3}"
EndProject
Project("{9A19103F-16F7-4668-BE54-9A1E7A4F7556}") = "Identity.API.UnitTests", "test\Identity.API.UnitTests\Identity.API.UnitTests.csproj", "{3824DACC-0E41-4A7C-AAE9-21150105D4C1}"
EndProject
Project("{9A19103F-16F7-4668-BE54-9A1E7A4F7556}") = "Tests.Building.Blocks", "test\Tests.Building.Blocks\Tests.Building.Blocks.csproj", "{6F111F0D-1A30-4120-B882-F01607FA6662}"
EndProject
Project("{9A19103F-16F7-4668-BE54-9A1E7A4F7556}") = "ePortfolioContainers.IntegrationTests", "test\ePortfolioContainers.IntegrationTests\ePortfolioContainers.IntegrationTests.csproj", "{6B44690C-CDFD-4642-A405-5E79CECF0241}"
EndProject
Project("{FAE04EC0-301F-11D3-BF4B-00C04F79EFBC}") = "EventBus", "src\Adapters\EventBus\EventBus.csproj", "{71BFB349-1D88-4DE6-BE8B-658814945010}"
EndProject
Global
	GlobalSection(SolutionConfigurationPlatforms) = preSolution
		Debug|Any CPU = Debug|Any CPU
		Release|Any CPU = Release|Any CPU
	EndGlobalSection
	GlobalSection(ProjectConfigurationPlatforms) = postSolution
		{8C62B52C-F39C-4356-B489-96E59877103C}.Debug|Any CPU.ActiveCfg = Debug|Any CPU
		{8C62B52C-F39C-4356-B489-96E59877103C}.Debug|Any CPU.Build.0 = Debug|Any CPU
		{8C62B52C-F39C-4356-B489-96E59877103C}.Release|Any CPU.ActiveCfg = Release|Any CPU
		{8C62B52C-F39C-4356-B489-96E59877103C}.Release|Any CPU.Build.0 = Release|Any CPU
		{1CCFEC09-826A-4B57-BD4D-D524075283AA}.Debug|Any CPU.ActiveCfg = Debug|Any CPU
		{1CCFEC09-826A-4B57-BD4D-D524075283AA}.Debug|Any CPU.Build.0 = Debug|Any CPU
		{1CCFEC09-826A-4B57-BD4D-D524075283AA}.Release|Any CPU.ActiveCfg = Release|Any CPU
		{1CCFEC09-826A-4B57-BD4D-D524075283AA}.Release|Any CPU.Build.0 = Release|Any CPU
		{34C725D2-8567-400B-B56F-1489D0EDBDB4}.Debug|Any CPU.ActiveCfg = Debug|Any CPU
		{34C725D2-8567-400B-B56F-1489D0EDBDB4}.Debug|Any CPU.Build.0 = Debug|Any CPU
		{34C725D2-8567-400B-B56F-1489D0EDBDB4}.Release|Any CPU.ActiveCfg = Release|Any CPU
		{34C725D2-8567-400B-B56F-1489D0EDBDB4}.Release|Any CPU.Build.0 = Release|Any CPU
		{818277BD-AC7E-4950-AD5D-EC28BDF9AC19}.Debug|Any CPU.ActiveCfg = Debug|Any CPU
		{818277BD-AC7E-4950-AD5D-EC28BDF9AC19}.Debug|Any CPU.Build.0 = Debug|Any CPU
		{818277BD-AC7E-4950-AD5D-EC28BDF9AC19}.Release|Any CPU.ActiveCfg = Release|Any CPU
		{818277BD-AC7E-4950-AD5D-EC28BDF9AC19}.Release|Any CPU.Build.0 = Release|Any CPU
		{E66A5032-E7C3-4977-95D2-23B96B323907}.Debug|Any CPU.ActiveCfg = Debug|Any CPU
		{E66A5032-E7C3-4977-95D2-23B96B323907}.Debug|Any CPU.Build.0 = Debug|Any CPU
		{E66A5032-E7C3-4977-95D2-23B96B323907}.Release|Any CPU.ActiveCfg = Release|Any CPU
		{E66A5032-E7C3-4977-95D2-23B96B323907}.Release|Any CPU.Build.0 = Release|Any CPU
		{2C73CE8C-9748-45F1-AE8F-F2F0A4D80BDB}.Debug|Any CPU.ActiveCfg = Debug|Any CPU
		{2C73CE8C-9748-45F1-AE8F-F2F0A4D80BDB}.Debug|Any CPU.Build.0 = Debug|Any CPU
		{2C73CE8C-9748-45F1-AE8F-F2F0A4D80BDB}.Release|Any CPU.ActiveCfg = Release|Any CPU
		{2C73CE8C-9748-45F1-AE8F-F2F0A4D80BDB}.Release|Any CPU.Build.0 = Release|Any CPU
		{89B9A74A-DABE-4D21-B3BB-1DF4432307A6}.Debug|Any CPU.ActiveCfg = Debug|Any CPU
		{89B9A74A-DABE-4D21-B3BB-1DF4432307A6}.Debug|Any CPU.Build.0 = Debug|Any CPU
		{89B9A74A-DABE-4D21-B3BB-1DF4432307A6}.Release|Any CPU.ActiveCfg = Release|Any CPU
		{89B9A74A-DABE-4D21-B3BB-1DF4432307A6}.Release|Any CPU.Build.0 = Release|Any CPU
		{B754993C-7DA2-4BFC-8C96-7B591A14543B}.Debug|Any CPU.ActiveCfg = Debug|Any CPU
		{B754993C-7DA2-4BFC-8C96-7B591A14543B}.Debug|Any CPU.Build.0 = Debug|Any CPU
		{B754993C-7DA2-4BFC-8C96-7B591A14543B}.Release|Any CPU.ActiveCfg = Release|Any CPU
		{B754993C-7DA2-4BFC-8C96-7B591A14543B}.Release|Any CPU.Build.0 = Release|Any CPU
		{684F6164-83EB-4FFA-B7D3-C3DA2371CEB4}.Debug|Any CPU.ActiveCfg = Debug|Any CPU
		{684F6164-83EB-4FFA-B7D3-C3DA2371CEB4}.Debug|Any CPU.Build.0 = Debug|Any CPU
		{684F6164-83EB-4FFA-B7D3-C3DA2371CEB4}.Release|Any CPU.ActiveCfg = Release|Any CPU
		{684F6164-83EB-4FFA-B7D3-C3DA2371CEB4}.Release|Any CPU.Build.0 = Release|Any CPU
		{FB330A45-7923-4337-A552-0902932DF0BB}.Debug|Any CPU.ActiveCfg = Debug|Any CPU
		{FB330A45-7923-4337-A552-0902932DF0BB}.Debug|Any CPU.Build.0 = Debug|Any CPU
		{FB330A45-7923-4337-A552-0902932DF0BB}.Release|Any CPU.ActiveCfg = Release|Any CPU
		{FB330A45-7923-4337-A552-0902932DF0BB}.Release|Any CPU.Build.0 = Release|Any CPU
		{3824DACC-0E41-4A7C-AAE9-21150105D4C1}.Debug|Any CPU.ActiveCfg = Debug|Any CPU
		{3824DACC-0E41-4A7C-AAE9-21150105D4C1}.Debug|Any CPU.Build.0 = Debug|Any CPU
		{3824DACC-0E41-4A7C-AAE9-21150105D4C1}.Release|Any CPU.ActiveCfg = Release|Any CPU
		{3824DACC-0E41-4A7C-AAE9-21150105D4C1}.Release|Any CPU.Build.0 = Release|Any CPU
		{6F111F0D-1A30-4120-B882-F01607FA6662}.Debug|Any CPU.ActiveCfg = Debug|Any CPU
		{6F111F0D-1A30-4120-B882-F01607FA6662}.Debug|Any CPU.Build.0 = Debug|Any CPU
		{6F111F0D-1A30-4120-B882-F01607FA6662}.Release|Any CPU.ActiveCfg = Release|Any CPU
		{6F111F0D-1A30-4120-B882-F01607FA6662}.Release|Any CPU.Build.0 = Release|Any CPU
		{6B44690C-CDFD-4642-A405-5E79CECF0241}.Debug|Any CPU.ActiveCfg = Debug|Any CPU
		{6B44690C-CDFD-4642-A405-5E79CECF0241}.Debug|Any CPU.Build.0 = Debug|Any CPU
		{6B44690C-CDFD-4642-A405-5E79CECF0241}.Release|Any CPU.ActiveCfg = Release|Any CPU
		{6B44690C-CDFD-4642-A405-5E79CECF0241}.Release|Any CPU.Build.0 = Release|Any CPU
		{71BFB349-1D88-4DE6-BE8B-658814945010}.Debug|Any CPU.ActiveCfg = Debug|Any CPU
		{71BFB349-1D88-4DE6-BE8B-658814945010}.Debug|Any CPU.Build.0 = Debug|Any CPU
		{71BFB349-1D88-4DE6-BE8B-658814945010}.Release|Any CPU.ActiveCfg = Release|Any CPU
		{71BFB349-1D88-4DE6-BE8B-658814945010}.Release|Any CPU.Build.0 = Release|Any CPU
	EndGlobalSection
	GlobalSection(SolutionProperties) = preSolution
		HideSolutionNode = FALSE
	EndGlobalSection
	GlobalSection(NestedProjects) = preSolution
		{8C62B52C-F39C-4356-B489-96E59877103C} = {A7790751-C74B-476A-82F5-57948503545C}
		{A7790751-C74B-476A-82F5-57948503545C} = {1B4EFA69-4D00-41D2-8FFF-34D9338A4211}
		{1CCFEC09-826A-4B57-BD4D-D524075283AA} = {A7790751-C74B-476A-82F5-57948503545C}
		{818277BD-AC7E-4950-AD5D-EC28BDF9AC19} = {17217625-00B9-4C6B-B2CE-A50CC02727DF}
		{17217625-00B9-4C6B-B2CE-A50CC02727DF} = {1B4EFA69-4D00-41D2-8FFF-34D9338A4211}
		{E66A5032-E7C3-4977-95D2-23B96B323907} = {17217625-00B9-4C6B-B2CE-A50CC02727DF}
		{2C73CE8C-9748-45F1-AE8F-F2F0A4D80BDB} = {E19ED128-5EC6-4BCD-82AF-FC9461E91DB1}
		{E19ED128-5EC6-4BCD-82AF-FC9461E91DB1} = {1B4EFA69-4D00-41D2-8FFF-34D9338A4211}
		{89B9A74A-DABE-4D21-B3BB-1DF4432307A6} = {E19ED128-5EC6-4BCD-82AF-FC9461E91DB1}
		{B754993C-7DA2-4BFC-8C96-7B591A14543B} = {E19ED128-5EC6-4BCD-82AF-FC9461E91DB1}
		{684F6164-83EB-4FFA-B7D3-C3DA2371CEB4} = {17217625-00B9-4C6B-B2CE-A50CC02727DF}
		{FB330A45-7923-4337-A552-0902932DF0BB} = {57784215-AFC7-4573-B3D8-5E6AAA57C2A3}
		{3824DACC-0E41-4A7C-AAE9-21150105D4C1} = {57784215-AFC7-4573-B3D8-5E6AAA57C2A3}
		{6F111F0D-1A30-4120-B882-F01607FA6662} = {57784215-AFC7-4573-B3D8-5E6AAA57C2A3}
		{6B44690C-CDFD-4642-A405-5E79CECF0241} = {57784215-AFC7-4573-B3D8-5E6AAA57C2A3}
		{71BFB349-1D88-4DE6-BE8B-658814945010} = {17217625-00B9-4C6B-B2CE-A50CC02727DF}
	EndGlobalSection
	GlobalSection(ExtensibilityGlobals) = postSolution
		SolutionGuid = {AE1BB155-132B-4F9C-93E9-EC6CD2D389B2}
	EndGlobalSection
EndGlobal
